{
  "name": "apart-aws-root",
  "lockfileVersion": 3,
  "requires": true,
  "packages": {
    "": {
      "name": "apart-aws-root",
      "dependencies": {
        "react-detect-offline": "^2.4.5"
      }
    },
    "node_modules/react-detect-offline": {
      "version": "2.4.5",
      "resolved": "https://registry.npmjs.org/react-detect-offline/-/react-detect-offline-2.4.5.tgz",
      "integrity": "sha512-sI13NPEKl3uQp95FT5CwrYzH3DnXCwNP6TnY6NRF5gFDM4NU9KDlbtA6HG2dwhDVS0RYQGXwZW/mHbdf8fCnaw==",
      "license": "MIT"
    }
  }
}
