# THIS IS AN AUTOGENERATED FILE. DO NOT EDIT THIS FILE DIRECTLY.
# yarn lockfile v1


react-detect-offline@^2.4.5:
  version "2.4.5"
  resolved "https://registry.npmjs.org/react-detect-offline/-/react-detect-offline-2.4.5.tgz"
  integrity sha512-sI13NPEKl3uQp95FT5CwrYzH3DnXCwNP6TnY6NRF5gFDM4NU9KDlbtA6HG2dwhDVS0RYQGXwZW/mHbdf8fCnaw==
